Microsoft Visual Studio Solution File, Format Version 12.00
# Visual Studio 15
VisualStudioVersion = 15.0.26730.15
MinimumVisualStudioVersion = 10.0.40219.1
Project("{9A19103F-16F7-4668-BE54-9A1E7A4F7556}") = "CarPerformanceTracker", "CarPerformanceTracker\CarPerformanceTracker.csproj", "{49415882-5EAC-4B81-8719-ACE5BF715BA3}"
EndProject
Project("{9A19103F-16F7-4668-BE54-9A1E7A4F7556}") = "Obd2Interface", "Obd2Interface\Obd2Interface.csproj", "{E64E7B22-A17F-4617-A454-97BED64B2170}"
EndProject
Project("{9A19103F-16F7-4668-BE54-9A1E7A4F7556}") = "Obd2Logger", "Obd2Logger\Obd2Logger.csproj", "{35E3FDB1-6DE5-4A95-92EE-111CB854AC45}"
EndProject
Project("{9A19103F-16F7-4668-BE54-9A1E7A4F7556}") = "Utilities", "Utilities\Utilities.csproj", "{E8A86BF1-9F45-4960-B98A-686646069E5F}"
EndProject
Project("{9A19103F-16F7-4668-BE54-9A1E7A4F7556}") = "EngineLogger.ViewModels", "EngineLogger.ViewModels\EngineLogger.ViewModels.csproj", "{FFFF87D3-BCC4-4FE1-9675-EF3F23317EBE}"
EndProject
Project("{FAE04EC0-301F-11D3-BF4B-00C04F79EFBC}") = "EngineLogger.OSX", "EngineLogger.OSX\EngineLogger.OSX.csproj", "{015A9739-0143-4334-AA38-224B27BC879F}"
EndProject
Project("{2150E333-8FDC-42A3-9474-1A3956D46DE8}") = "Solution Items", "Solution Items", "{2A29F472-D7EF-4DE1-A0B1-76F07EF12B19}"
	ProjectSection(SolutionItems) = preProject
		README.md = README.md
	EndProjectSection
EndProject
Project("{FAE04EC0-301F-11D3-BF4B-00C04F79EFBC}") = "EngineLogger.iOS", "EngineLogger\EngineLogger.iOS\EngineLogger.iOS.csproj", "{BE9AE522-EBC3-42AB-BDCC-072A9A3F3C5B}"
EndProject
Project("{FAE04EC0-301F-11D3-BF4B-00C04F79EFBC}") = "EngineLogger.UWP", "EngineLogger\EngineLogger.UWP\EngineLogger.UWP.csproj", "{11AF54A8-5B31-44B9-AF15-60CB51BEC8A1}"
EndProject
Project("{FAE04EC0-301F-11D3-BF4B-00C04F79EFBC}") = "EngineLogger", "EngineLogger\EngineLogger\EngineLogger.csproj", "{D8AF6E19-2B44-458C-91DD-7A164D3059D5}"
EndProject
Global
	GlobalSection(SolutionConfigurationPlatforms) = preSolution
		Ad-Hoc|Any CPU = Ad-Hoc|Any CPU
		Ad-Hoc|ARM = Ad-Hoc|ARM
		Ad-Hoc|iPhone = Ad-Hoc|iPhone
		Ad-Hoc|iPhoneSimulator = Ad-Hoc|iPhoneSimulator
		Ad-Hoc|x64 = Ad-Hoc|x64
		Ad-Hoc|x86 = Ad-Hoc|x86
		AppStore|Any CPU = AppStore|Any CPU
		AppStore|ARM = AppStore|ARM
		AppStore|iPhone = AppStore|iPhone
		AppStore|iPhoneSimulator = AppStore|iPhoneSimulator
		AppStore|x64 = AppStore|x64
		AppStore|x86 = AppStore|x86
		Debug|Any CPU = Debug|Any CPU
		Debug|ARM = Debug|ARM
		Debug|iPhone = Debug|iPhone
		Debug|iPhoneSimulator = Debug|iPhoneSimulator
		Debug|x64 = Debug|x64
		Debug|x86 = Debug|x86
		Release|Any CPU = Release|Any CPU
		Release|ARM = Release|ARM
		Release|iPhone = Release|iPhone
		Release|iPhoneSimulator = Release|iPhoneSimulator
		Release|x64 = Release|x64
		Release|x86 = Release|x86
	EndGlobalSection
	GlobalSection(ProjectConfigurationPlatforms) = postSolution
		{49415882-5EAC-4B81-8719-ACE5BF715BA3}.Ad-Hoc|Any CPU.ActiveCfg = Release|Any CPU
		{49415882-5EAC-4B81-8719-ACE5BF715BA3}.Ad-Hoc|Any CPU.Build.0 = Release|Any CPU
		{49415882-5EAC-4B81-8719-ACE5BF715BA3}.Ad-Hoc|ARM.ActiveCfg = Release|Any CPU
		{49415882-5EAC-4B81-8719-ACE5BF715BA3}.Ad-Hoc|ARM.Build.0 = Release|Any CPU
		{49415882-5EAC-4B81-8719-ACE5BF715BA3}.Ad-Hoc|iPhone.ActiveCfg = Release|Any CPU
		{49415882-5EAC-4B81-8719-ACE5BF715BA3}.Ad-Hoc|iPhone.Build.0 = Release|Any CPU
		{49415882-5EAC-4B81-8719-ACE5BF715BA3}.Ad-Hoc|iPhoneSimulator.ActiveCfg = Release|Any CPU
		{49415882-5EAC-4B81-8719-ACE5BF715BA3}.Ad-Hoc|iPhoneSimulator.Build.0 = Release|Any CPU
		{49415882-5EAC-4B81-8719-ACE5BF715BA3}.Ad-Hoc|x64.ActiveCfg = Release|Any CPU
		{49415882-5EAC-4B81-8719-ACE5BF715BA3}.Ad-Hoc|x64.Build.0 = Release|Any CPU
		{49415882-5EAC-4B81-8719-ACE5BF715BA3}.Ad-Hoc|x86.ActiveCfg = Release|Any CPU
		{49415882-5EAC-4B81-8719-ACE5BF715BA3}.Ad-Hoc|x86.Build.0 = Release|Any CPU
		{49415882-5EAC-4B81-8719-ACE5BF715BA3}.AppStore|Any CPU.ActiveCfg = Release|Any CPU
		{49415882-5EAC-4B81-8719-ACE5BF715BA3}.AppStore|Any CPU.Build.0 = Release|Any CPU
		{49415882-5EAC-4B81-8719-ACE5BF715BA3}.AppStore|ARM.ActiveCfg = Release|Any CPU
		{49415882-5EAC-4B81-8719-ACE5BF715BA3}.AppStore|ARM.Build.0 = Release|Any CPU
		{49415882-5EAC-4B81-8719-ACE5BF715BA3}.AppStore|iPhone.ActiveCfg = Release|Any CPU
		{49415882-5EAC-4B81-8719-ACE5BF715BA3}.AppStore|iPhone.Build.0 = Release|Any CPU
		{49415882-5EAC-4B81-8719-ACE5BF715BA3}.AppStore|iPhoneSimulator.ActiveCfg = Release|Any CPU
		{49415882-5EAC-4B81-8719-ACE5BF715BA3}.AppStore|iPhoneSimulator.Build.0 = Release|Any CPU
		{49415882-5EAC-4B81-8719-ACE5BF715BA3}.AppStore|x64.ActiveCfg = Release|Any CPU
		{49415882-5EAC-4B81-8719-ACE5BF715BA3}.AppStore|x64.Build.0 = Release|Any CPU
		{49415882-5EAC-4B81-8719-ACE5BF715BA3}.AppStore|x86.ActiveCfg = Release|Any CPU
		{49415882-5EAC-4B81-8719-ACE5BF715BA3}.AppStore|x86.Build.0 = Release|Any CPU
		{49415882-5EAC-4B81-8719-ACE5BF715BA3}.Debug|Any CPU.ActiveCfg = Debug|Any CPU
		{49415882-5EAC-4B81-8719-ACE5BF715BA3}.Debug|Any CPU.Build.0 = Debug|Any CPU
		{49415882-5EAC-4B81-8719-ACE5BF715BA3}.Debug|ARM.ActiveCfg = Debug|Any CPU
		{49415882-5EAC-4B81-8719-ACE5BF715BA3}.Debug|ARM.Build.0 = Debug|Any CPU
		{49415882-5EAC-4B81-8719-ACE5BF715BA3}.Debug|iPhone.ActiveCfg = Debug|Any CPU
		{49415882-5EAC-4B81-8719-ACE5BF715BA3}.Debug|iPhone.Build.0 = Debug|Any CPU
		{49415882-5EAC-4B81-8719-ACE5BF715BA3}.Debug|iPhoneSimulator.ActiveCfg = Debug|Any CPU
		{49415882-5EAC-4B81-8719-ACE5BF715BA3}.Debug|iPhoneSimulator.Build.0 = Debug|Any CPU
		{49415882-5EAC-4B81-8719-ACE5BF715BA3}.Debug|x64.ActiveCfg = Debug|Any CPU
		{49415882-5EAC-4B81-8719-ACE5BF715BA3}.Debug|x64.Build.0 = Debug|Any CPU
		{49415882-5EAC-4B81-8719-ACE5BF715BA3}.Debug|x86.ActiveCfg = Debug|Any CPU
		{49415882-5EAC-4B81-8719-ACE5BF715BA3}.Debug|x86.Build.0 = Debug|Any CPU
		{49415882-5EAC-4B81-8719-ACE5BF715BA3}.Release|Any CPU.ActiveCfg = Release|Any CPU
		{49415882-5EAC-4B81-8719-ACE5BF715BA3}.Release|Any CPU.Build.0 = Release|Any CPU
		{49415882-5EAC-4B81-8719-ACE5BF715BA3}.Release|ARM.ActiveCfg = Release|Any CPU
		{49415882-5EAC-4B81-8719-ACE5BF715BA3}.Release|ARM.Build.0 = Release|Any CPU
		{49415882-5EAC-4B81-8719-ACE5BF715BA3}.Release|iPhone.ActiveCfg = Release|Any CPU
		{49415882-5EAC-4B81-8719-ACE5BF715BA3}.Release|iPhone.Build.0 = Release|Any CPU
		{49415882-5EAC-4B81-8719-ACE5BF715BA3}.Release|iPhoneSimulator.ActiveCfg = Release|Any CPU
		{49415882-5EAC-4B81-8719-ACE5BF715BA3}.Release|iPhoneSimulator.Build.0 = Release|Any CPU
		{49415882-5EAC-4B81-8719-ACE5BF715BA3}.Release|x64.ActiveCfg = Release|Any CPU
		{49415882-5EAC-4B81-8719-ACE5BF715BA3}.Release|x64.Build.0 = Release|Any CPU
		{49415882-5EAC-4B81-8719-ACE5BF715BA3}.Release|x86.ActiveCfg = Release|Any CPU
		{49415882-5EAC-4B81-8719-ACE5BF715BA3}.Release|x86.Build.0 = Release|Any CPU
		{E64E7B22-A17F-4617-A454-97BED64B2170}.Ad-Hoc|Any CPU.ActiveCfg = Release|Any CPU
		{E64E7B22-A17F-4617-A454-97BED64B2170}.Ad-Hoc|Any CPU.Build.0 = Release|Any CPU
		{E64E7B22-A17F-4617-A454-97BED64B2170}.Ad-Hoc|ARM.ActiveCfg = Release|Any CPU
		{E64E7B22-A17F-4617-A454-97BED64B2170}.Ad-Hoc|ARM.Build.0 = Release|Any CPU
		{E64E7B22-A17F-4617-A454-97BED64B2170}.Ad-Hoc|iPhone.ActiveCfg = Release|Any CPU
		{E64E7B22-A17F-4617-A454-97BED64B2170}.Ad-Hoc|iPhone.Build.0 = Release|Any CPU
		{E64E7B22-A17F-4617-A454-97BED64B2170}.Ad-Hoc|iPhoneSimulator.ActiveCfg = Release|Any CPU
		{E64E7B22-A17F-4617-A454-97BED64B2170}.Ad-Hoc|iPhoneSimulator.Build.0 = Release|Any CPU
		{E64E7B22-A17F-4617-A454-97BED64B2170}.Ad-Hoc|x64.ActiveCfg = Release|Any CPU
		{E64E7B22-A17F-4617-A454-97BED64B2170}.Ad-Hoc|x64.Build.0 = Release|Any CPU
		{E64E7B22-A17F-4617-A454-97BED64B2170}.Ad-Hoc|x86.ActiveCfg = Release|Any CPU
		{E64E7B22-A17F-4617-A454-97BED64B2170}.Ad-Hoc|x86.Build.0 = Release|Any CPU
		{E64E7B22-A17F-4617-A454-97BED64B2170}.AppStore|Any CPU.ActiveCfg = Release|Any CPU
		{E64E7B22-A17F-4617-A454-97BED64B2170}.AppStore|Any CPU.Build.0 = Release|Any CPU
		{E64E7B22-A17F-4617-A454-97BED64B2170}.AppStore|ARM.ActiveCfg = Release|Any CPU
		{E64E7B22-A17F-4617-A454-97BED64B2170}.AppStore|ARM.Build.0 = Release|Any CPU
		{E64E7B22-A17F-4617-A454-97BED64B2170}.AppStore|iPhone.ActiveCfg = Release|Any CPU
		{E64E7B22-A17F-4617-A454-97BED64B2170}.AppStore|iPhone.Build.0 = Release|Any CPU
		{E64E7B22-A17F-4617-A454-97BED64B2170}.AppStore|iPhoneSimulator.ActiveCfg = Release|Any CPU
		{E64E7B22-A17F-4617-A454-97BED64B2170}.AppStore|iPhoneSimulator.Build.0 = Release|Any CPU
		{E64E7B22-A17F-4617-A454-97BED64B2170}.AppStore|x64.ActiveCfg = Release|Any CPU
		{E64E7B22-A17F-4617-A454-97BED64B2170}.AppStore|x64.Build.0 = Release|Any CPU
		{E64E7B22-A17F-4617-A454-97BED64B2170}.AppStore|x86.ActiveCfg = Release|Any CPU
		{E64E7B22-A17F-4617-A454-97BED64B2170}.AppStore|x86.Build.0 = Release|Any CPU
		{E64E7B22-A17F-4617-A454-97BED64B2170}.Debug|Any CPU.ActiveCfg = Debug|Any CPU
		{E64E7B22-A17F-4617-A454-97BED64B2170}.Debug|Any CPU.Build.0 = Debug|Any CPU
		{E64E7B22-A17F-4617-A454-97BED64B2170}.Debug|ARM.ActiveCfg = Debug|Any CPU
		{E64E7B22-A17F-4617-A454-97BED64B2170}.Debug|ARM.Build.0 = Debug|Any CPU
		{E64E7B22-A17F-4617-A454-97BED64B2170}.Debug|iPhone.ActiveCfg = Debug|Any CPU
		{E64E7B22-A17F-4617-A454-97BED64B2170}.Debug|iPhone.Build.0 = Debug|Any CPU
		{E64E7B22-A17F-4617-A454-97BED64B2170}.Debug|iPhoneSimulator.ActiveCfg = Debug|Any CPU
		{E64E7B22-A17F-4617-A454-97BED64B2170}.Debug|iPhoneSimulator.Build.0 = Debug|Any CPU
		{E64E7B22-A17F-4617-A454-97BED64B2170}.Debug|x64.ActiveCfg = Debug|Any CPU
		{E64E7B22-A17F-4617-A454-97BED64B2170}.Debug|x64.Build.0 = Debug|Any CPU
		{E64E7B22-A17F-4617-A454-97BED64B2170}.Debug|x86.ActiveCfg = Debug|Any CPU
		{E64E7B22-A17F-4617-A454-97BED64B2170}.Debug|x86.Build.0 = Debug|Any CPU
		{E64E7B22-A17F-4617-A454-97BED64B2170}.Release|Any CPU.ActiveCfg = Release|Any CPU
		{E64E7B22-A17F-4617-A454-97BED64B2170}.Release|Any CPU.Build.0 = Release|Any CPU
		{E64E7B22-A17F-4617-A454-97BED64B2170}.Release|ARM.ActiveCfg = Release|Any CPU
		{E64E7B22-A17F-4617-A454-97BED64B2170}.Release|ARM.Build.0 = Release|Any CPU
		{E64E7B22-A17F-4617-A454-97BED64B2170}.Release|iPhone.ActiveCfg = Release|Any CPU
		{E64E7B22-A17F-4617-A454-97BED64B2170}.Release|iPhone.Build.0 = Release|Any CPU
		{E64E7B22-A17F-4617-A454-97BED64B2170}.Release|iPhoneSimulator.ActiveCfg = Release|Any CPU
		{E64E7B22-A17F-4617-A454-97BED64B2170}.Release|iPhoneSimulator.Build.0 = Release|Any CPU
		{E64E7B22-A17F-4617-A454-97BED64B2170}.Release|x64.ActiveCfg = Release|Any CPU
		{E64E7B22-A17F-4617-A454-97BED64B2170}.Release|x64.Build.0 = Release|Any CPU
		{E64E7B22-A17F-4617-A454-97BED64B2170}.Release|x86.ActiveCfg = Release|Any CPU
		{E64E7B22-A17F-4617-A454-97BED64B2170}.Release|x86.Build.0 = Release|Any CPU
		{35E3FDB1-6DE5-4A95-92EE-111CB854AC45}.Ad-Hoc|Any CPU.ActiveCfg = Release|Any CPU
		{35E3FDB1-6DE5-4A95-92EE-111CB854AC45}.Ad-Hoc|Any CPU.Build.0 = Release|Any CPU
		{35E3FDB1-6DE5-4A95-92EE-111CB854AC45}.Ad-Hoc|ARM.ActiveCfg = Release|Any CPU
		{35E3FDB1-6DE5-4A95-92EE-111CB854AC45}.Ad-Hoc|ARM.Build.0 = Release|Any CPU
		{35E3FDB1-6DE5-4A95-92EE-111CB854AC45}.Ad-Hoc|iPhone.ActiveCfg = Release|Any CPU
		{35E3FDB1-6DE5-4A95-92EE-111CB854AC45}.Ad-Hoc|iPhone.Build.0 = Release|Any CPU
		{35E3FDB1-6DE5-4A95-92EE-111CB854AC45}.Ad-Hoc|iPhoneSimulator.ActiveCfg = Release|Any CPU
		{35E3FDB1-6DE5-4A95-92EE-111CB854AC45}.Ad-Hoc|iPhoneSimulator.Build.0 = Release|Any CPU
		{35E3FDB1-6DE5-4A95-92EE-111CB854AC45}.Ad-Hoc|x64.ActiveCfg = Release|Any CPU
		{35E3FDB1-6DE5-4A95-92EE-111CB854AC45}.Ad-Hoc|x64.Build.0 = Release|Any CPU
		{35E3FDB1-6DE5-4A95-92EE-111CB854AC45}.Ad-Hoc|x86.ActiveCfg = Release|Any CPU
		{35E3FDB1-6DE5-4A95-92EE-111CB854AC45}.Ad-Hoc|x86.Build.0 = Release|Any CPU
		{35E3FDB1-6DE5-4A95-92EE-111CB854AC45}.AppStore|Any CPU.ActiveCfg = Release|Any CPU
		{35E3FDB1-6DE5-4A95-92EE-111CB854AC45}.AppStore|Any CPU.Build.0 = Release|Any CPU
		{35E3FDB1-6DE5-4A95-92EE-111CB854AC45}.AppStore|ARM.ActiveCfg = Release|Any CPU
		{35E3FDB1-6DE5-4A95-92EE-111CB854AC45}.AppStore|ARM.Build.0 = Release|Any CPU
		{35E3FDB1-6DE5-4A95-92EE-111CB854AC45}.AppStore|iPhone.ActiveCfg = Release|Any CPU
		{35E3FDB1-6DE5-4A95-92EE-111CB854AC45}.AppStore|iPhone.Build.0 = Release|Any CPU
		{35E3FDB1-6DE5-4A95-92EE-111CB854AC45}.AppStore|iPhoneSimulator.ActiveCfg = Release|Any CPU
		{35E3FDB1-6DE5-4A95-92EE-111CB854AC45}.AppStore|iPhoneSimulator.Build.0 = Release|Any CPU
		{35E3FDB1-6DE5-4A95-92EE-111CB854AC45}.AppStore|x64.ActiveCfg = Release|Any CPU
		{35E3FDB1-6DE5-4A95-92EE-111CB854AC45}.AppStore|x64.Build.0 = Release|Any CPU
		{35E3FDB1-6DE5-4A95-92EE-111CB854AC45}.AppStore|x86.ActiveCfg = Release|Any CPU
		{35E3FDB1-6DE5-4A95-92EE-111CB854AC45}.AppStore|x86.Build.0 = Release|Any CPU
		{35E3FDB1-6DE5-4A95-92EE-111CB854AC45}.Debug|Any CPU.ActiveCfg = Debug|Any CPU
		{35E3FDB1-6DE5-4A95-92EE-111CB854AC45}.Debug|Any CPU.Build.0 = Debug|Any CPU
		{35E3FDB1-6DE5-4A95-92EE-111CB854AC45}.Debug|ARM.ActiveCfg = Debug|Any CPU
		{35E3FDB1-6DE5-4A95-92EE-111CB854AC45}.Debug|ARM.Build.0 = Debug|Any CPU
		{35E3FDB1-6DE5-4A95-92EE-111CB854AC45}.Debug|iPhone.ActiveCfg = Debug|Any CPU
		{35E3FDB1-6DE5-4A95-92EE-111CB854AC45}.Debug|iPhone.Build.0 = Debug|Any CPU
		{35E3FDB1-6DE5-4A95-92EE-111CB854AC45}.Debug|iPhoneSimulator.ActiveCfg = Debug|Any CPU
		{35E3FDB1-6DE5-4A95-92EE-111CB854AC45}.Debug|iPhoneSimulator.Build.0 = Debug|Any CPU
		{35E3FDB1-6DE5-4A95-92EE-111CB854AC45}.Debug|x64.ActiveCfg = Debug|Any CPU
		{35E3FDB1-6DE5-4A95-92EE-111CB854AC45}.Debug|x64.Build.0 = Debug|Any CPU
		{35E3FDB1-6DE5-4A95-92EE-111CB854AC45}.Debug|x86.ActiveCfg = Debug|Any CPU
		{35E3FDB1-6DE5-4A95-92EE-111CB854AC45}.Debug|x86.Build.0 = Debug|Any CPU
		{35E3FDB1-6DE5-4A95-92EE-111CB854AC45}.Release|Any CPU.ActiveCfg = Release|Any CPU
		{35E3FDB1-6DE5-4A95-92EE-111CB854AC45}.Release|Any CPU.Build.0 = Release|Any CPU
		{35E3FDB1-6DE5-4A95-92EE-111CB854AC45}.Release|ARM.ActiveCfg = Release|Any CPU
		{35E3FDB1-6DE5-4A95-92EE-111CB854AC45}.Release|ARM.Build.0 = Release|Any CPU
		{35E3FDB1-6DE5-4A95-92EE-111CB854AC45}.Release|iPhone.ActiveCfg = Release|Any CPU
		{35E3FDB1-6DE5-4A95-92EE-111CB854AC45}.Release|iPhone.Build.0 = Release|Any CPU
		{35E3FDB1-6DE5-4A95-92EE-111CB854AC45}.Release|iPhoneSimulator.ActiveCfg = Release|Any CPU
		{35E3FDB1-6DE5-4A95-92EE-111CB854AC45}.Release|iPhoneSimulator.Build.0 = Release|Any CPU
		{35E3FDB1-6DE5-4A95-92EE-111CB854AC45}.Release|x64.ActiveCfg = Release|Any CPU
		{35E3FDB1-6DE5-4A95-92EE-111CB854AC45}.Release|x64.Build.0 = Release|Any CPU
		{35E3FDB1-6DE5-4A95-92EE-111CB854AC45}.Release|x86.ActiveCfg = Release|Any CPU
		{35E3FDB1-6DE5-4A95-92EE-111CB854AC45}.Release|x86.Build.0 = Release|Any CPU
		{E8A86BF1-9F45-4960-B98A-686646069E5F}.Ad-Hoc|Any CPU.ActiveCfg = Release|Any CPU
		{E8A86BF1-9F45-4960-B98A-686646069E5F}.Ad-Hoc|Any CPU.Build.0 = Release|Any CPU
		{E8A86BF1-9F45-4960-B98A-686646069E5F}.Ad-Hoc|ARM.ActiveCfg = Release|Any CPU
		{E8A86BF1-9F45-4960-B98A-686646069E5F}.Ad-Hoc|ARM.Build.0 = Release|Any CPU
		{E8A86BF1-9F45-4960-B98A-686646069E5F}.Ad-Hoc|iPhone.ActiveCfg = Release|Any CPU
		{E8A86BF1-9F45-4960-B98A-686646069E5F}.Ad-Hoc|iPhone.Build.0 = Release|Any CPU
		{E8A86BF1-9F45-4960-B98A-686646069E5F}.Ad-Hoc|iPhoneSimulator.ActiveCfg = Release|Any CPU
		{E8A86BF1-9F45-4960-B98A-686646069E5F}.Ad-Hoc|iPhoneSimulator.Build.0 = Release|Any CPU
		{E8A86BF1-9F45-4960-B98A-686646069E5F}.Ad-Hoc|x64.ActiveCfg = Release|Any CPU
		{E8A86BF1-9F45-4960-B98A-686646069E5F}.Ad-Hoc|x64.Build.0 = Release|Any CPU
		{E8A86BF1-9F45-4960-B98A-686646069E5F}.Ad-Hoc|x86.ActiveCfg = Release|Any CPU
		{E8A86BF1-9F45-4960-B98A-686646069E5F}.Ad-Hoc|x86.Build.0 = Release|Any CPU
		{E8A86BF1-9F45-4960-B98A-686646069E5F}.AppStore|Any CPU.ActiveCfg = Release|Any CPU
		{E8A86BF1-9F45-4960-B98A-686646069E5F}.AppStore|Any CPU.Build.0 = Release|Any CPU
		{E8A86BF1-9F45-4960-B98A-686646069E5F}.AppStore|ARM.ActiveCfg = Release|Any CPU
		{E8A86BF1-9F45-4960-B98A-686646069E5F}.AppStore|ARM.Build.0 = Release|Any CPU
		{E8A86BF1-9F45-4960-B98A-686646069E5F}.AppStore|iPhone.ActiveCfg = Release|Any CPU
		{E8A86BF1-9F45-4960-B98A-686646069E5F}.AppStore|iPhone.Build.0 = Release|Any CPU
		{E8A86BF1-9F45-4960-B98A-686646069E5F}.AppStore|iPhoneSimulator.ActiveCfg = Release|Any CPU
		{E8A86BF1-9F45-4960-B98A-686646069E5F}.AppStore|iPhoneSimulator.Build.0 = Release|Any CPU
		{E8A86BF1-9F45-4960-B98A-686646069E5F}.AppStore|x64.ActiveCfg = Release|Any CPU
		{E8A86BF1-9F45-4960-B98A-686646069E5F}.AppStore|x64.Build.0 = Release|Any CPU
		{E8A86BF1-9F45-4960-B98A-686646069E5F}.AppStore|x86.ActiveCfg = Release|Any CPU
		{E8A86BF1-9F45-4960-B98A-686646069E5F}.AppStore|x86.Build.0 = Release|Any CPU
		{E8A86BF1-9F45-4960-B98A-686646069E5F}.Debug|Any CPU.ActiveCfg = Debug|Any CPU
		{E8A86BF1-9F45-4960-B98A-686646069E5F}.Debug|Any CPU.Build.0 = Debug|Any CPU
		{E8A86BF1-9F45-4960-B98A-686646069E5F}.Debug|ARM.ActiveCfg = Debug|Any CPU
		{E8A86BF1-9F45-4960-B98A-686646069E5F}.Debug|ARM.Build.0 = Debug|Any CPU
		{E8A86BF1-9F45-4960-B98A-686646069E5F}.Debug|iPhone.ActiveCfg = Debug|Any CPU
		{E8A86BF1-9F45-4960-B98A-686646069E5F}.Debug|iPhone.Build.0 = Debug|Any CPU
		{E8A86BF1-9F45-4960-B98A-686646069E5F}.Debug|iPhoneSimulator.ActiveCfg = Debug|Any CPU
		{E8A86BF1-9F45-4960-B98A-686646069E5F}.Debug|iPhoneSimulator.Build.0 = Debug|Any CPU
		{E8A86BF1-9F45-4960-B98A-686646069E5F}.Debug|x64.ActiveCfg = Debug|Any CPU
		{E8A86BF1-9F45-4960-B98A-686646069E5F}.Debug|x64.Build.0 = Debug|Any CPU
		{E8A86BF1-9F45-4960-B98A-686646069E5F}.Debug|x86.ActiveCfg = Debug|Any CPU
		{E8A86BF1-9F45-4960-B98A-686646069E5F}.Debug|x86.Build.0 = Debug|Any CPU
		{E8A86BF1-9F45-4960-B98A-686646069E5F}.Release|Any CPU.ActiveCfg = Release|Any CPU
		{E8A86BF1-9F45-4960-B98A-686646069E5F}.Release|Any CPU.Build.0 = Release|Any CPU
		{E8A86BF1-9F45-4960-B98A-686646069E5F}.Release|ARM.ActiveCfg = Release|Any CPU
		{E8A86BF1-9F45-4960-B98A-686646069E5F}.Release|ARM.Build.0 = Release|Any CPU
		{E8A86BF1-9F45-4960-B98A-686646069E5F}.Release|iPhone.ActiveCfg = Release|Any CPU
		{E8A86BF1-9F45-4960-B98A-686646069E5F}.Release|iPhone.Build.0 = Release|Any CPU
		{E8A86BF1-9F45-4960-B98A-686646069E5F}.Release|iPhoneSimulator.ActiveCfg = Release|Any CPU
		{E8A86BF1-9F45-4960-B98A-686646069E5F}.Release|iPhoneSimulator.Build.0 = Release|Any CPU
		{E8A86BF1-9F45-4960-B98A-686646069E5F}.Release|x64.ActiveCfg = Release|Any CPU
		{E8A86BF1-9F45-4960-B98A-686646069E5F}.Release|x64.Build.0 = Release|Any CPU
		{E8A86BF1-9F45-4960-B98A-686646069E5F}.Release|x86.ActiveCfg = Release|Any CPU
		{E8A86BF1-9F45-4960-B98A-686646069E5F}.Release|x86.Build.0 = Release|Any CPU
		{FFFF87D3-BCC4-4FE1-9675-EF3F23317EBE}.Ad-Hoc|Any CPU.ActiveCfg = Release|Any CPU
		{FFFF87D3-BCC4-4FE1-9675-EF3F23317EBE}.Ad-Hoc|Any CPU.Build.0 = Release|Any CPU
		{FFFF87D3-BCC4-4FE1-9675-EF3F23317EBE}.Ad-Hoc|ARM.ActiveCfg = Release|Any CPU
		{FFFF87D3-BCC4-4FE1-9675-EF3F23317EBE}.Ad-Hoc|ARM.Build.0 = Release|Any CPU
		{FFFF87D3-BCC4-4FE1-9675-EF3F23317EBE}.Ad-Hoc|iPhone.ActiveCfg = Release|Any CPU
		{FFFF87D3-BCC4-4FE1-9675-EF3F23317EBE}.Ad-Hoc|iPhone.Build.0 = Release|Any CPU
		{FFFF87D3-BCC4-4FE1-9675-EF3F23317EBE}.Ad-Hoc|iPhoneSimulator.ActiveCfg = Release|Any CPU
		{FFFF87D3-BCC4-4FE1-9675-EF3F23317EBE}.Ad-Hoc|iPhoneSimulator.Build.0 = Release|Any CPU
		{FFFF87D3-BCC4-4FE1-9675-EF3F23317EBE}.Ad-Hoc|x64.ActiveCfg = Release|Any CPU
		{FFFF87D3-BCC4-4FE1-9675-EF3F23317EBE}.Ad-Hoc|x64.Build.0 = Release|Any CPU
		{FFFF87D3-BCC4-4FE1-9675-EF3F23317EBE}.Ad-Hoc|x86.ActiveCfg = Release|Any CPU
		{FFFF87D3-BCC4-4FE1-9675-EF3F23317EBE}.Ad-Hoc|x86.Build.0 = Release|Any CPU
		{FFFF87D3-BCC4-4FE1-9675-EF3F23317EBE}.AppStore|Any CPU.ActiveCfg = Release|Any CPU
		{FFFF87D3-BCC4-4FE1-9675-EF3F23317EBE}.AppStore|Any CPU.Build.0 = Release|Any CPU
		{FFFF87D3-BCC4-4FE1-9675-EF3F23317EBE}.AppStore|ARM.ActiveCfg = Release|Any CPU
		{FFFF87D3-BCC4-4FE1-9675-EF3F23317EBE}.AppStore|ARM.Build.0 = Release|Any CPU
		{FFFF87D3-BCC4-4FE1-9675-EF3F23317EBE}.AppStore|iPhone.ActiveCfg = Release|Any CPU
		{FFFF87D3-BCC4-4FE1-9675-EF3F23317EBE}.AppStore|iPhone.Build.0 = Release|Any CPU
		{FFFF87D3-BCC4-4FE1-9675-EF3F23317EBE}.AppStore|iPhoneSimulator.ActiveCfg = Release|Any CPU
		{FFFF87D3-BCC4-4FE1-9675-EF3F23317EBE}.AppStore|iPhoneSimulator.Build.0 = Release|Any CPU
		{FFFF87D3-BCC4-4FE1-9675-EF3F23317EBE}.AppStore|x64.ActiveCfg = Release|Any CPU
		{FFFF87D3-BCC4-4FE1-9675-EF3F23317EBE}.AppStore|x64.Build.0 = Release|Any CPU
		{FFFF87D3-BCC4-4FE1-9675-EF3F23317EBE}.AppStore|x86.ActiveCfg = Release|Any CPU
		{FFFF87D3-BCC4-4FE1-9675-EF3F23317EBE}.AppStore|x86.Build.0 = Release|Any CPU
		{FFFF87D3-BCC4-4FE1-9675-EF3F23317EBE}.Debug|Any CPU.ActiveCfg = Debug|Any CPU
		{FFFF87D3-BCC4-4FE1-9675-EF3F23317EBE}.Debug|Any CPU.Build.0 = Debug|Any CPU
		{FFFF87D3-BCC4-4FE1-9675-EF3F23317EBE}.Debug|ARM.ActiveCfg = Debug|Any CPU
		{FFFF87D3-BCC4-4FE1-9675-EF3F23317EBE}.Debug|ARM.Build.0 = Debug|Any CPU
		{FFFF87D3-BCC4-4FE1-9675-EF3F23317EBE}.Debug|iPhone.ActiveCfg = Debug|Any CPU
		{FFFF87D3-BCC4-4FE1-9675-EF3F23317EBE}.Debug|iPhone.Build.0 = Debug|Any CPU
		{FFFF87D3-BCC4-4FE1-9675-EF3F23317EBE}.Debug|iPhoneSimulator.ActiveCfg = Debug|Any CPU
		{FFFF87D3-BCC4-4FE1-9675-EF3F23317EBE}.Debug|iPhoneSimulator.Build.0 = Debug|Any CPU
		{FFFF87D3-BCC4-4FE1-9675-EF3F23317EBE}.Debug|x64.ActiveCfg = Debug|Any CPU
		{FFFF87D3-BCC4-4FE1-9675-EF3F23317EBE}.Debug|x64.Build.0 = Debug|Any CPU
		{FFFF87D3-BCC4-4FE1-9675-EF3F23317EBE}.Debug|x86.ActiveCfg = Debug|Any CPU
		{FFFF87D3-BCC4-4FE1-9675-EF3F23317EBE}.Debug|x86.Build.0 = Debug|Any CPU
		{FFFF87D3-BCC4-4FE1-9675-EF3F23317EBE}.Release|Any CPU.ActiveCfg = Release|Any CPU
		{FFFF87D3-BCC4-4FE1-9675-EF3F23317EBE}.Release|Any CPU.Build.0 = Release|Any CPU
		{FFFF87D3-BCC4-4FE1-9675-EF3F23317EBE}.Release|ARM.ActiveCfg = Release|Any CPU
		{FFFF87D3-BCC4-4FE1-9675-EF3F23317EBE}.Release|ARM.Build.0 = Release|Any CPU
		{FFFF87D3-BCC4-4FE1-9675-EF3F23317EBE}.Release|iPhone.ActiveCfg = Release|Any CPU
		{FFFF87D3-BCC4-4FE1-9675-EF3F23317EBE}.Release|iPhone.Build.0 = Release|Any CPU
		{FFFF87D3-BCC4-4FE1-9675-EF3F23317EBE}.Release|iPhoneSimulator.ActiveCfg = Release|Any CPU
		{FFFF87D3-BCC4-4FE1-9675-EF3F23317EBE}.Release|iPhoneSimulator.Build.0 = Release|Any CPU
		{FFFF87D3-BCC4-4FE1-9675-EF3F23317EBE}.Release|x64.ActiveCfg = Release|Any CPU
		{FFFF87D3-BCC4-4FE1-9675-EF3F23317EBE}.Release|x64.Build.0 = Release|Any CPU
		{FFFF87D3-BCC4-4FE1-9675-EF3F23317EBE}.Release|x86.ActiveCfg = Release|Any CPU
		{FFFF87D3-BCC4-4FE1-9675-EF3F23317EBE}.Release|x86.Build.0 = Release|Any CPU
		{015A9739-0143-4334-AA38-224B27BC879F}.Ad-Hoc|Any CPU.ActiveCfg = Release|Any CPU
		{015A9739-0143-4334-AA38-224B27BC879F}.Ad-Hoc|ARM.ActiveCfg = Release|Any CPU
		{015A9739-0143-4334-AA38-224B27BC879F}.Ad-Hoc|iPhone.ActiveCfg = Release|Any CPU
		{015A9739-0143-4334-AA38-224B27BC879F}.Ad-Hoc|iPhoneSimulator.ActiveCfg = Release|Any CPU
		{015A9739-0143-4334-AA38-224B27BC879F}.Ad-Hoc|x64.ActiveCfg = Release|Any CPU
		{015A9739-0143-4334-AA38-224B27BC879F}.Ad-Hoc|x86.ActiveCfg = Release|Any CPU
		{015A9739-0143-4334-AA38-224B27BC879F}.AppStore|Any CPU.ActiveCfg = Release|Any CPU
		{015A9739-0143-4334-AA38-224B27BC879F}.AppStore|ARM.ActiveCfg = Release|Any CPU
		{015A9739-0143-4334-AA38-224B27BC879F}.AppStore|iPhone.ActiveCfg = Release|Any CPU
		{015A9739-0143-4334-AA38-224B27BC879F}.AppStore|iPhoneSimulator.ActiveCfg = Release|Any CPU
		{015A9739-0143-4334-AA38-224B27BC879F}.AppStore|x64.ActiveCfg = Release|Any CPU
		{015A9739-0143-4334-AA38-224B27BC879F}.AppStore|x86.ActiveCfg = Release|Any CPU
		{015A9739-0143-4334-AA38-224B27BC879F}.Debug|Any CPU.ActiveCfg = Debug|Any CPU
		{015A9739-0143-4334-AA38-224B27BC879F}.Debug|Any CPU.Build.0 = Debug|Any CPU
		{015A9739-0143-4334-AA38-224B27BC879F}.Debug|ARM.ActiveCfg = Debug|Any CPU
		{015A9739-0143-4334-AA38-224B27BC879F}.Debug|iPhone.ActiveCfg = Debug|Any CPU
		{015A9739-0143-4334-AA38-224B27BC879F}.Debug|iPhone.Build.0 = Debug|Any CPU
		{015A9739-0143-4334-AA38-224B27BC879F}.Debug|iPhoneSimulator.ActiveCfg = Debug|Any CPU
		{015A9739-0143-4334-AA38-224B27BC879F}.Debug|iPhoneSimulator.Build.0 = Debug|Any CPU
		{015A9739-0143-4334-AA38-224B27BC879F}.Debug|x64.ActiveCfg = Debug|Any CPU
		{015A9739-0143-4334-AA38-224B27BC879F}.Debug|x86.ActiveCfg = Debug|Any CPU
		{015A9739-0143-4334-AA38-224B27BC879F}.Release|Any CPU.ActiveCfg = Release|Any CPU
		{015A9739-0143-4334-AA38-224B27BC879F}.Release|Any CPU.Build.0 = Release|Any CPU
		{015A9739-0143-4334-AA38-224B27BC879F}.Release|ARM.ActiveCfg = Release|Any CPU
		{015A9739-0143-4334-AA38-224B27BC879F}.Release|iPhone.ActiveCfg = Release|Any CPU
		{015A9739-0143-4334-AA38-224B27BC879F}.Release|iPhone.Build.0 = Release|Any CPU
		{015A9739-0143-4334-AA38-224B27BC879F}.Release|iPhoneSimulator.ActiveCfg = Release|Any CPU
		{015A9739-0143-4334-AA38-224B27BC879F}.Release|iPhoneSimulator.Build.0 = Release|Any CPU
		{015A9739-0143-4334-AA38-224B27BC879F}.Release|x64.ActiveCfg = Release|Any CPU
		{015A9739-0143-4334-AA38-224B27BC879F}.Release|x86.ActiveCfg = Release|Any CPU
		{BE9AE522-EBC3-42AB-BDCC-072A9A3F3C5B}.Ad-Hoc|Any CPU.ActiveCfg = Ad-Hoc|iPhone
		{BE9AE522-EBC3-42AB-BDCC-072A9A3F3C5B}.Ad-Hoc|ARM.ActiveCfg = Ad-Hoc|iPhone
		{BE9AE522-EBC3-42AB-BDCC-072A9A3F3C5B}.Ad-Hoc|iPhone.ActiveCfg = Ad-Hoc|iPhone
		{BE9AE522-EBC3-42AB-BDCC-072A9A3F3C5B}.Ad-Hoc|iPhone.Build.0 = Ad-Hoc|iPhone
		{BE9AE522-EBC3-42AB-BDCC-072A9A3F3C5B}.Ad-Hoc|iPhoneSimulator.ActiveCfg = Ad-Hoc|iPhoneSimulator
		{BE9AE522-EBC3-42AB-BDCC-072A9A3F3C5B}.Ad-Hoc|iPhoneSimulator.Build.0 = Ad-Hoc|iPhoneSimulator
		{BE9AE522-EBC3-42AB-BDCC-072A9A3F3C5B}.Ad-Hoc|x64.ActiveCfg = Ad-Hoc|iPhone
		{BE9AE522-EBC3-42AB-BDCC-072A9A3F3C5B}.Ad-Hoc|x86.ActiveCfg = Ad-Hoc|iPhone
		{BE9AE522-EBC3-42AB-BDCC-072A9A3F3C5B}.AppStore|Any CPU.ActiveCfg = AppStore|iPhone
		{BE9AE522-EBC3-42AB-BDCC-072A9A3F3C5B}.AppStore|ARM.ActiveCfg = AppStore|iPhone
		{BE9AE522-EBC3-42AB-BDCC-072A9A3F3C5B}.AppStore|iPhone.ActiveCfg = AppStore|iPhone
		{BE9AE522-EBC3-42AB-BDCC-072A9A3F3C5B}.AppStore|iPhone.Build.0 = AppStore|iPhone
		{BE9AE522-EBC3-42AB-BDCC-072A9A3F3C5B}.AppStore|iPhoneSimulator.ActiveCfg = AppStore|iPhoneSimulator
		{BE9AE522-EBC3-42AB-BDCC-072A9A3F3C5B}.AppStore|iPhoneSimulator.Build.0 = AppStore|iPhoneSimulator
		{BE9AE522-EBC3-42AB-BDCC-072A9A3F3C5B}.AppStore|x64.ActiveCfg = AppStore|iPhone
		{BE9AE522-EBC3-42AB-BDCC-072A9A3F3C5B}.AppStore|x86.ActiveCfg = AppStore|iPhone
		{BE9AE522-EBC3-42AB-BDCC-072A9A3F3C5B}.Debug|Any CPU.ActiveCfg = Debug|iPhone
		{BE9AE522-EBC3-42AB-BDCC-072A9A3F3C5B}.Debug|ARM.ActiveCfg = Debug|iPhone
		{BE9AE522-EBC3-42AB-BDCC-072A9A3F3C5B}.Debug|iPhone.ActiveCfg = Debug|iPhone
		{BE9AE522-EBC3-42AB-BDCC-072A9A3F3C5B}.Debug|iPhone.Build.0 = Debug|iPhone
		{BE9AE522-EBC3-42AB-BDCC-072A9A3F3C5B}.Debug|iPhoneSimulator.ActiveCfg = Debug|iPhoneSimulator
		{BE9AE522-EBC3-42AB-BDCC-072A9A3F3C5B}.Debug|iPhoneSimulator.Build.0 = Debug|iPhoneSimulator
		{BE9AE522-EBC3-42AB-BDCC-072A9A3F3C5B}.Debug|x64.ActiveCfg = Debug|iPhone
		{BE9AE522-EBC3-42AB-BDCC-072A9A3F3C5B}.Debug|x86.ActiveCfg = Debug|iPhone
		{BE9AE522-EBC3-42AB-BDCC-072A9A3F3C5B}.Release|Any CPU.ActiveCfg = Release|iPhone
		{BE9AE522-EBC3-42AB-BDCC-072A9A3F3C5B}.Release|ARM.ActiveCfg = Release|iPhone
		{BE9AE522-EBC3-42AB-BDCC-072A9A3F3C5B}.Release|iPhone.ActiveCfg = Release|iPhone
		{BE9AE522-EBC3-42AB-BDCC-072A9A3F3C5B}.Release|iPhone.Build.0 = Release|iPhone
		{BE9AE522-EBC3-42AB-BDCC-072A9A3F3C5B}.Release|iPhoneSimulator.ActiveCfg = Release|iPhoneSimulator
		{BE9AE522-EBC3-42AB-BDCC-072A9A3F3C5B}.Release|iPhoneSimulator.Build.0 = Release|iPhoneSimulator
		{BE9AE522-EBC3-42AB-BDCC-072A9A3F3C5B}.Release|x64.ActiveCfg = Release|iPhone
		{BE9AE522-EBC3-42AB-BDCC-072A9A3F3C5B}.Release|x86.ActiveCfg = Release|iPhone
		{11AF54A8-5B31-44B9-AF15-60CB51BEC8A1}.Ad-Hoc|Any CPU.ActiveCfg = Release|x86
		{11AF54A8-5B31-44B9-AF15-60CB51BEC8A1}.Ad-Hoc|Any CPU.Build.0 = Release|x86
		{11AF54A8-5B31-44B9-AF15-60CB51BEC8A1}.Ad-Hoc|Any CPU.Deploy.0 = Release|x86
		{11AF54A8-5B31-44B9-AF15-60CB51BEC8A1}.Ad-Hoc|ARM.ActiveCfg = Release|ARM
		{11AF54A8-5B31-44B9-AF15-60CB51BEC8A1}.Ad-Hoc|ARM.Build.0 = Release|ARM
		{11AF54A8-5B31-44B9-AF15-60CB51BEC8A1}.Ad-Hoc|ARM.Deploy.0 = Release|ARM
		{11AF54A8-5B31-44B9-AF15-60CB51BEC8A1}.Ad-Hoc|iPhone.ActiveCfg = Release|x86
		{11AF54A8-5B31-44B9-AF15-60CB51BEC8A1}.Ad-Hoc|iPhone.Build.0 = Release|x86
		{11AF54A8-5B31-44B9-AF15-60CB51BEC8A1}.Ad-Hoc|iPhone.Deploy.0 = Release|x86
		{11AF54A8-5B31-44B9-AF15-60CB51BEC8A1}.Ad-Hoc|iPhoneSimulator.ActiveCfg = Release|x86
		{11AF54A8-5B31-44B9-AF15-60CB51BEC8A1}.Ad-Hoc|iPhoneSimulator.Build.0 = Release|x86
		{11AF54A8-5B31-44B9-AF15-60CB51BEC8A1}.Ad-Hoc|iPhoneSimulator.Deploy.0 = Release|x86
		{11AF54A8-5B31-44B9-AF15-60CB51BEC8A1}.Ad-Hoc|x64.ActiveCfg = Release|x64
		{11AF54A8-5B31-44B9-AF15-60CB51BEC8A1}.Ad-Hoc|x64.Build.0 = Release|x64
		{11AF54A8-5B31-44B9-AF15-60CB51BEC8A1}.Ad-Hoc|x64.Deploy.0 = Release|x64
		{11AF54A8-5B31-44B9-AF15-60CB51BEC8A1}.Ad-Hoc|x86.ActiveCfg = Release|x86
		{11AF54A8-5B31-44B9-AF15-60CB51BEC8A1}.Ad-Hoc|x86.Build.0 = Release|x86
		{11AF54A8-5B31-44B9-AF15-60CB51BEC8A1}.Ad-Hoc|x86.Deploy.0 = Release|x86
		{11AF54A8-5B31-44B9-AF15-60CB51BEC8A1}.AppStore|Any CPU.ActiveCfg = Release|x86
		{11AF54A8-5B31-44B9-AF15-60CB51BEC8A1}.AppStore|Any CPU.Build.0 = Release|x86
		{11AF54A8-5B31-44B9-AF15-60CB51BEC8A1}.AppStore|Any CPU.Deploy.0 = Release|x86
		{11AF54A8-5B31-44B9-AF15-60CB51BEC8A1}.AppStore|ARM.ActiveCfg = Release|ARM
		{11AF54A8-5B31-44B9-AF15-60CB51BEC8A1}.AppStore|ARM.Build.0 = Release|ARM
		{11AF54A8-5B31-44B9-AF15-60CB51BEC8A1}.AppStore|ARM.Deploy.0 = Release|ARM
		{11AF54A8-5B31-44B9-AF15-60CB51BEC8A1}.AppStore|iPhone.ActiveCfg = Release|x86
		{11AF54A8-5B31-44B9-AF15-60CB51BEC8A1}.AppStore|iPhone.Build.0 = Release|x86
		{11AF54A8-5B31-44B9-AF15-60CB51BEC8A1}.AppStore|iPhone.Deploy.0 = Release|x86
		{11AF54A8-5B31-44B9-AF15-60CB51BEC8A1}.AppStore|iPhoneSimulator.ActiveCfg = Release|x86
		{11AF54A8-5B31-44B9-AF15-60CB51BEC8A1}.AppStore|iPhoneSimulator.Build.0 = Release|x86
		{11AF54A8-5B31-44B9-AF15-60CB51BEC8A1}.AppStore|iPhoneSimulator.Deploy.0 = Release|x86
		{11AF54A8-5B31-44B9-AF15-60CB51BEC8A1}.AppStore|x64.ActiveCfg = Release|x64
		{11AF54A8-5B31-44B9-AF15-60CB51BEC8A1}.AppStore|x64.Build.0 = Release|x64
		{11AF54A8-5B31-44B9-AF15-60CB51BEC8A1}.AppStore|x64.Deploy.0 = Release|x64
		{11AF54A8-5B31-44B9-AF15-60CB51BEC8A1}.AppStore|x86.ActiveCfg = Release|x86
		{11AF54A8-5B31-44B9-AF15-60CB51BEC8A1}.AppStore|x86.Build.0 = Release|x86
		{11AF54A8-5B31-44B9-AF15-60CB51BEC8A1}.AppStore|x86.Deploy.0 = Release|x86
		{11AF54A8-5B31-44B9-AF15-60CB51BEC8A1}.Debug|Any CPU.ActiveCfg = Debug|x86
		{11AF54A8-5B31-44B9-AF15-60CB51BEC8A1}.Debug|ARM.ActiveCfg = Debug|ARM
		{11AF54A8-5B31-44B9-AF15-60CB51BEC8A1}.Debug|ARM.Build.0 = Debug|ARM
		{11AF54A8-5B31-44B9-AF15-60CB51BEC8A1}.Debug|ARM.Deploy.0 = Debug|ARM
		{11AF54A8-5B31-44B9-AF15-60CB51BEC8A1}.Debug|iPhone.ActiveCfg = Debug|x86
		{11AF54A8-5B31-44B9-AF15-60CB51BEC8A1}.Debug|iPhoneSimulator.ActiveCfg = Debug|x86
		{11AF54A8-5B31-44B9-AF15-60CB51BEC8A1}.Debug|x64.ActiveCfg = Debug|x64
		{11AF54A8-5B31-44B9-AF15-60CB51BEC8A1}.Debug|x64.Build.0 = Debug|x64
		{11AF54A8-5B31-44B9-AF15-60CB51BEC8A1}.Debug|x64.Deploy.0 = Debug|x64
		{11AF54A8-5B31-44B9-AF15-60CB51BEC8A1}.Debug|x86.ActiveCfg = Debug|x86
		{11AF54A8-5B31-44B9-AF15-60CB51BEC8A1}.Debug|x86.Build.0 = Debug|x86
		{11AF54A8-5B31-44B9-AF15-60CB51BEC8A1}.Debug|x86.Deploy.0 = Debug|x86
		{11AF54A8-5B31-44B9-AF15-60CB51BEC8A1}.Release|Any CPU.ActiveCfg = Release|x86
		{11AF54A8-5B31-44B9-AF15-60CB51BEC8A1}.Release|ARM.ActiveCfg = Release|ARM
		{11AF54A8-5B31-44B9-AF15-60CB51BEC8A1}.Release|ARM.Build.0 = Release|ARM
		{11AF54A8-5B31-44B9-AF15-60CB51BEC8A1}.Release|ARM.Deploy.0 = Release|ARM
		{11AF54A8-5B31-44B9-AF15-60CB51BEC8A1}.Release|iPhone.ActiveCfg = Release|x86
		{11AF54A8-5B31-44B9-AF15-60CB51BEC8A1}.Release|iPhoneSimulator.ActiveCfg = Release|x86
		{11AF54A8-5B31-44B9-AF15-60CB51BEC8A1}.Release|x64.ActiveCfg = Release|x64
		{11AF54A8-5B31-44B9-AF15-60CB51BEC8A1}.Release|x64.Build.0 = Release|x64
		{11AF54A8-5B31-44B9-AF15-60CB51BEC8A1}.Release|x64.Deploy.0 = Release|x64
		{11AF54A8-5B31-44B9-AF15-60CB51BEC8A1}.Release|x86.ActiveCfg = Release|x86
		{11AF54A8-5B31-44B9-AF15-60CB51BEC8A1}.Release|x86.Build.0 = Release|x86
		{11AF54A8-5B31-44B9-AF15-60CB51BEC8A1}.Release|x86.Deploy.0 = Release|x86
		{D8AF6E19-2B44-458C-91DD-7A164D3059D5}.Ad-Hoc|Any CPU.ActiveCfg = Debug|Any CPU
		{D8AF6E19-2B44-458C-91DD-7A164D3059D5}.Ad-Hoc|Any CPU.Build.0 = Debug|Any CPU
		{D8AF6E19-2B44-458C-91DD-7A164D3059D5}.Ad-Hoc|ARM.ActiveCfg = Debug|Any CPU
		{D8AF6E19-2B44-458C-91DD-7A164D3059D5}.Ad-Hoc|ARM.Build.0 = Debug|Any CPU
		{D8AF6E19-2B44-458C-91DD-7A164D3059D5}.Ad-Hoc|iPhone.ActiveCfg = Debug|Any CPU
		{D8AF6E19-2B44-458C-91DD-7A164D3059D5}.Ad-Hoc|iPhone.Build.0 = Debug|Any CPU
		{D8AF6E19-2B44-458C-91DD-7A164D3059D5}.Ad-Hoc|iPhoneSimulator.ActiveCfg = Debug|Any CPU
		{D8AF6E19-2B44-458C-91DD-7A164D3059D5}.Ad-Hoc|iPhoneSimulator.Build.0 = Debug|Any CPU
		{D8AF6E19-2B44-458C-91DD-7A164D3059D5}.Ad-Hoc|x64.ActiveCfg = Debug|Any CPU
		{D8AF6E19-2B44-458C-91DD-7A164D3059D5}.Ad-Hoc|x64.Build.0 = Debug|Any CPU
		{D8AF6E19-2B44-458C-91DD-7A164D3059D5}.Ad-Hoc|x86.ActiveCfg = Debug|Any CPU
		{D8AF6E19-2B44-458C-91DD-7A164D3059D5}.Ad-Hoc|x86.Build.0 = Debug|Any CPU
		{D8AF6E19-2B44-458C-91DD-7A164D3059D5}.AppStore|Any CPU.ActiveCfg = Debug|Any CPU
		{D8AF6E19-2B44-458C-91DD-7A164D3059D5}.AppStore|Any CPU.Build.0 = Debug|Any CPU
		{D8AF6E19-2B44-458C-91DD-7A164D3059D5}.AppStore|ARM.ActiveCfg = Debug|Any CPU
		{D8AF6E19-2B44-458C-91DD-7A164D3059D5}.AppStore|ARM.Build.0 = Debug|Any CPU
		{D8AF6E19-2B44-458C-91DD-7A164D3059D5}.AppStore|iPhone.ActiveCfg = Debug|Any CPU
		{D8AF6E19-2B44-458C-91DD-7A164D3059D5}.AppStore|iPhone.Build.0 = Debug|Any CPU
		{D8AF6E19-2B44-458C-91DD-7A164D3059D5}.AppStore|iPhoneSimulator.ActiveCfg = Debug|Any CPU
		{D8AF6E19-2B44-458C-91DD-7A164D3059D5}.AppStore|iPhoneSimulator.Build.0 = Debug|Any CPU
		{D8AF6E19-2B44-458C-91DD-7A164D3059D5}.AppStore|x64.ActiveCfg = Debug|Any CPU
		{D8AF6E19-2B44-458C-91DD-7A164D3059D5}.AppStore|x64.Build.0 = Debug|Any CPU
		{D8AF6E19-2B44-458C-91DD-7A164D3059D5}.AppStore|x86.ActiveCfg = Debug|Any CPU
		{D8AF6E19-2B44-458C-91DD-7A164D3059D5}.AppStore|x86.Build.0 = Debug|Any CPU
		{D8AF6E19-2B44-458C-91DD-7A164D3059D5}.Debug|Any CPU.ActiveCfg = Debug|Any CPU
		{D8AF6E19-2B44-458C-91DD-7A164D3059D5}.Debug|Any CPU.Build.0 = Debug|Any CPU
		{D8AF6E19-2B44-458C-91DD-7A164D3059D5}.Debug|ARM.ActiveCfg = Debug|Any CPU
		{D8AF6E19-2B44-458C-91DD-7A164D3059D5}.Debug|ARM.Build.0 = Debug|Any CPU
		{D8AF6E19-2B44-458C-91DD-7A164D3059D5}.Debug|iPhone.ActiveCfg = Debug|Any CPU
		{D8AF6E19-2B44-458C-91DD-7A164D3059D5}.Debug|iPhone.Build.0 = Debug|Any CPU
		{D8AF6E19-2B44-458C-91DD-7A164D3059D5}.Debug|iPhoneSimulator.ActiveCfg = Debug|Any CPU
		{D8AF6E19-2B44-458C-91DD-7A164D3059D5}.Debug|iPhoneSimulator.Build.0 = Debug|Any CPU
		{D8AF6E19-2B44-458C-91DD-7A164D3059D5}.Debug|x64.ActiveCfg = Debug|Any CPU
		{D8AF6E19-2B44-458C-91DD-7A164D3059D5}.Debug|x64.Build.0 = Debug|Any CPU
		{D8AF6E19-2B44-458C-91DD-7A164D3059D5}.Debug|x86.ActiveCfg = Debug|Any CPU
		{D8AF6E19-2B44-458C-91DD-7A164D3059D5}.Debug|x86.Build.0 = Debug|Any CPU
		{D8AF6E19-2B44-458C-91DD-7A164D3059D5}.Release|Any CPU.ActiveCfg = Release|Any CPU
		{D8AF6E19-2B44-458C-91DD-7A164D3059D5}.Release|Any CPU.Build.0 = Release|Any CPU
		{D8AF6E19-2B44-458C-91DD-7A164D3059D5}.Release|ARM.ActiveCfg = Release|Any CPU
		{D8AF6E19-2B44-458C-91DD-7A164D3059D5}.Release|ARM.Build.0 = Release|Any CPU
		{D8AF6E19-2B44-458C-91DD-7A164D3059D5}.Release|iPhone.ActiveCfg = Release|Any CPU
		{D8AF6E19-2B44-458C-91DD-7A164D3059D5}.Release|iPhone.Build.0 = Release|Any CPU
		{D8AF6E19-2B44-458C-91DD-7A164D3059D5}.Release|iPhoneSimulator.ActiveCfg = Release|Any CPU
		{D8AF6E19-2B44-458C-91DD-7A164D3059D5}.Release|iPhoneSimulator.Build.0 = Release|Any CPU
		{D8AF6E19-2B44-458C-91DD-7A164D3059D5}.Release|x64.ActiveCfg = Release|Any CPU
		{D8AF6E19-2B44-458C-91DD-7A164D3059D5}.Release|x64.Build.0 = Release|Any CPU
		{D8AF6E19-2B44-458C-91DD-7A164D3059D5}.Release|x86.ActiveCfg = Release|Any CPU
		{D8AF6E19-2B44-458C-91DD-7A164D3059D5}.Release|x86.Build.0 = Release|Any CPU
	EndGlobalSection
	GlobalSection(SolutionProperties) = preSolution
		HideSolutionNode = FALSE
	EndGlobalSection
	GlobalSection(ExtensibilityGlobals) = postSolution
		SolutionGuid = {DAA8FCC7-CFDB-4CAB-A1C4-D54CADF34228}
	EndGlobalSection
EndGlobal
